
Microsoft Visual Studio Solution File, Format Version 12.00
# Visual Studio Version 16
VisualStudioVersion = 16.0.32413.511
MinimumVisualStudioVersion = 10.0.40219.1
Project("{FAE04EC0-301F-11D3-BF4B-00C04F79EFBC}") = "XamarinTTS.UWP", "XamarinTTS.UWP\XamarinTTS.UWP.csproj", "{1EB04E07-236C-48C2-9F0E-E3BEF83EEDD2}"
EndProject
Project("{FAE04EC0-301F-11D3-BF4B-00C04F79EFBC}") = "XamarinTTS.Android", "XamarinTTS.Android\XamarinTTS.Android.csproj", "{F4AE128F-4C3C-4BD0-A5E2-4888EC2FC777}"
EndProject
Project("{FAE04EC0-301F-11D3-BF4B-00C04F79EFBC}") = "XamarinTTS.iOS", "XamarinTTS.iOS\XamarinTTS.iOS.csproj", "{A79E92D8-C6F8-4A0E-9061-BD44F6ADB9F2}"
EndProject
Project("{FAE04EC0-301F-11D3-BF4B-00C04F79EFBC}") = "XamarinTTS", "XamarinTTS\XamarinTTS.csproj", "{E1302E8B-F95D-4F90-86D4-27AA73E02FDC}"
EndProject
Global
	GlobalSection(SolutionConfigurationPlatforms) = preSolution
		Debug|Any CPU = Debug|Any CPU
		Debug|ARM = Debug|ARM
		Debug|iPhone = Debug|iPhone
		Debug|iPhoneSimulator = Debug|iPhoneSimulator
		Debug|x64 = Debug|x64
		Debug|x86 = Debug|x86
		Release|Any CPU = Release|Any CPU
		Release|ARM = Release|ARM
		Release|iPhone = Release|iPhone
		Release|iPhoneSimulator = Release|iPhoneSimulator
		Release|x64 = Release|x64
		Release|x86 = Release|x86
	EndGlobalSection
	GlobalSection(ProjectConfigurationPlatforms) = postSolution
		{1EB04E07-236C-48C2-9F0E-E3BEF83EEDD2}.Debug|Any CPU.ActiveCfg = Debug|x86
		{1EB04E07-236C-48C2-9F0E-E3BEF83EEDD2}.Debug|Any CPU.Build.0 = Debug|x86
		{1EB04E07-236C-48C2-9F0E-E3BEF83EEDD2}.Debug|Any CPU.Deploy.0 = Debug|x86
		{1EB04E07-236C-48C2-9F0E-E3BEF83EEDD2}.Debug|ARM.ActiveCfg = Debug|ARM
		{1EB04E07-236C-48C2-9F0E-E3BEF83EEDD2}.Debug|ARM.Build.0 = Debug|ARM
		{1EB04E07-236C-48C2-9F0E-E3BEF83EEDD2}.Debug|ARM.Deploy.0 = Debug|ARM
		{1EB04E07-236C-48C2-9F0E-E3BEF83EEDD2}.Debug|iPhone.ActiveCfg = Debug|x86
		{1EB04E07-236C-48C2-9F0E-E3BEF83EEDD2}.Debug|iPhone.Build.0 = Debug|x86
		{1EB04E07-236C-48C2-9F0E-E3BEF83EEDD2}.Debug|iPhone.Deploy.0 = Debug|x86
		{1EB04E07-236C-48C2-9F0E-E3BEF83EEDD2}.Debug|iPhoneSimulator.ActiveCfg = Debug|x86
		{1EB04E07-236C-48C2-9F0E-E3BEF83EEDD2}.Debug|iPhoneSimulator.Build.0 = Debug|x86
		{1EB04E07-236C-48C2-9F0E-E3BEF83EEDD2}.Debug|iPhoneSimulator.Deploy.0 = Debug|x86
		{1EB04E07-236C-48C2-9F0E-E3BEF83EEDD2}.Debug|x64.ActiveCfg = Debug|x64
		{1EB04E07-236C-48C2-9F0E-E3BEF83EEDD2}.Debug|x64.Build.0 = Debug|x64
		{1EB04E07-236C-48C2-9F0E-E3BEF83EEDD2}.Debug|x64.Deploy.0 = Debug|x64
		{1EB04E07-236C-48C2-9F0E-E3BEF83EEDD2}.Debug|x86.ActiveCfg = Debug|x86
		{1EB04E07-236C-48C2-9F0E-E3BEF83EEDD2}.Debug|x86.Build.0 = Debug|x86
		{1EB04E07-236C-48C2-9F0E-E3BEF83EEDD2}.Debug|x86.Deploy.0 = Debug|x86
		{1EB04E07-236C-48C2-9F0E-E3BEF83EEDD2}.Release|Any CPU.ActiveCfg = Release|x86
		{1EB04E07-236C-48C2-9F0E-E3BEF83EEDD2}.Release|Any CPU.Build.0 = Release|x86
		{1EB04E07-236C-48C2-9F0E-E3BEF83EEDD2}.Release|Any CPU.Deploy.0 = Release|x86
		{1EB04E07-236C-48C2-9F0E-E3BEF83EEDD2}.Release|ARM.ActiveCfg = Release|ARM
		{1EB04E07-236C-48C2-9F0E-E3BEF83EEDD2}.Release|ARM.Build.0 = Release|ARM
		{1EB04E07-236C-48C2-9F0E-E3BEF83EEDD2}.Release|ARM.Deploy.0 = Release|ARM
		{1EB04E07-236C-48C2-9F0E-E3BEF83EEDD2}.Release|iPhone.ActiveCfg = Release|x86
		{1EB04E07-236C-48C2-9F0E-E3BEF83EEDD2}.Release|iPhone.Build.0 = Release|x86
		{1EB04E07-236C-48C2-9F0E-E3BEF83EEDD2}.Release|iPhone.Deploy.0 = Release|x86
		{1EB04E07-236C-48C2-9F0E-E3BEF83EEDD2}.Release|iPhoneSimulator.ActiveCfg = Release|x86
		{1EB04E07-236C-48C2-9F0E-E3BEF83EEDD2}.Release|iPhoneSimulator.Build.0 = Release|x86
		{1EB04E07-236C-48C2-9F0E-E3BEF83EEDD2}.Release|iPhoneSimulator.Deploy.0 = Release|x86
		{1EB04E07-236C-48C2-9F0E-E3BEF83EEDD2}.Release|x64.ActiveCfg = Release|x64
		{1EB04E07-236C-48C2-9F0E-E3BEF83EEDD2}.Release|x64.Build.0 = Release|x64
		{1EB04E07-236C-48C2-9F0E-E3BEF83EEDD2}.Release|x64.Deploy.0 = Release|x64
		{1EB04E07-236C-48C2-9F0E-E3BEF83EEDD2}.Release|x86.ActiveCfg = Release|x86
		{1EB04E07-236C-48C2-9F0E-E3BEF83EEDD2}.Release|x86.Build.0 = Release|x86
		{1EB04E07-236C-48C2-9F0E-E3BEF83EEDD2}.Release|x86.Deploy.0 = Release|x86
		{F4AE128F-4C3C-4BD0-A5E2-4888EC2FC777}.Debug|Any CPU.ActiveCfg = Debug|Any CPU
		{F4AE128F-4C3C-4BD0-A5E2-4888EC2FC777}.Debug|Any CPU.Build.0 = Debug|Any CPU
		{F4AE128F-4C3C-4BD0-A5E2-4888EC2FC777}.Debug|Any CPU.Deploy.0 = Debug|Any CPU
		{F4AE128F-4C3C-4BD0-A5E2-4888EC2FC777}.Debug|ARM.ActiveCfg = Debug|Any CPU
		{F4AE128F-4C3C-4BD0-A5E2-4888EC2FC777}.Debug|ARM.Build.0 = Debug|Any CPU
		{F4AE128F-4C3C-4BD0-A5E2-4888EC2FC777}.Debug|ARM.Deploy.0 = Debug|Any CPU
		{F4AE128F-4C3C-4BD0-A5E2-4888EC2FC777}.Debug|iPhone.ActiveCfg = Debug|Any CPU
		{F4AE128F-4C3C-4BD0-A5E2-4888EC2FC777}.Debug|iPhone.Build.0 = Debug|Any CPU
		{F4AE128F-4C3C-4BD0-A5E2-4888EC2FC777}.Debug|iPhone.Deploy.0 = Debug|Any CPU
		{F4AE128F-4C3C-4BD0-A5E2-4888EC2FC777}.Debug|iPhoneSimulator.ActiveCfg = Debug|Any CPU
		{F4AE128F-4C3C-4BD0-A5E2-4888EC2FC777}.Debug|iPhoneSimulator.Build.0 = Debug|Any CPU
		{F4AE128F-4C3C-4BD0-A5E2-4888EC2FC777}.Debug|iPhoneSimulator.Deploy.0 = Debug|Any CPU
		{F4AE128F-4C3C-4BD0-A5E2-4888EC2FC777}.Debug|x64.ActiveCfg = Debug|Any CPU
		{F4AE128F-4C3C-4BD0-A5E2-4888EC2FC777}.Debug|x64.Build.0 = Debug|Any CPU
		{F4AE128F-4C3C-4BD0-A5E2-4888EC2FC777}.Debug|x64.Deploy.0 = Debug|Any CPU
		{F4AE128F-4C3C-4BD0-A5E2-4888EC2FC777}.Debug|x86.ActiveCfg = Debug|Any CPU
		{F4AE128F-4C3C-4BD0-A5E2-4888EC2FC777}.Debug|x86.Build.0 = Debug|Any CPU
		{F4AE128F-4C3C-4BD0-A5E2-4888EC2FC777}.Debug|x86.Deploy.0 = Debug|Any CPU
		{F4AE128F-4C3C-4BD0-A5E2-4888EC2FC777}.Release|Any CPU.ActiveCfg = Release|Any CPU
		{F4AE128F-4C3C-4BD0-A5E2-4888EC2FC777}.Release|Any CPU.Build.0 = Release|Any CPU
		{F4AE128F-4C3C-4BD0-A5E2-4888EC2FC777}.Release|Any CPU.Deploy.0 = Release|Any CPU
		{F4AE128F-4C3C-4BD0-A5E2-4888EC2FC777}.Release|ARM.ActiveCfg = Release|Any CPU
		{F4AE128F-4C3C-4BD0-A5E2-4888EC2FC777}.Release|ARM.Build.0 = Release|Any CPU
		{F4AE128F-4C3C-4BD0-A5E2-4888EC2FC777}.Release|ARM.Deploy.0 = Release|Any CPU
		{F4AE128F-4C3C-4BD0-A5E2-4888EC2FC777}.Release|iPhone.ActiveCfg = Release|Any CPU
		{F4AE128F-4C3C-4BD0-A5E2-4888EC2FC777}.Release|iPhone.Build.0 = Release|Any CPU
		{F4AE128F-4C3C-4BD0-A5E2-4888EC2FC777}.Release|iPhone.Deploy.0 = Release|Any CPU
		{F4AE128F-4C3C-4BD0-A5E2-4888EC2FC777}.Release|iPhoneSimulator.ActiveCfg = Release|Any CPU
		{F4AE128F-4C3C-4BD0-A5E2-4888EC2FC777}.Release|iPhoneSimulator.Build.0 = Release|Any CPU
		{F4AE128F-4C3C-4BD0-A5E2-4888EC2FC777}.Release|iPhoneSimulator.Deploy.0 = Release|Any CPU
		{F4AE128F-4C3C-4BD0-A5E2-4888EC2FC777}.Release|x64.ActiveCfg = Release|Any CPU
		{F4AE128F-4C3C-4BD0-A5E2-4888EC2FC777}.Release|x64.Build.0 = Release|Any CPU
		{F4AE128F-4C3C-4BD0-A5E2-4888EC2FC777}.Release|x64.Deploy.0 = Release|Any CPU
		{F4AE128F-4C3C-4BD0-A5E2-4888EC2FC777}.Release|x86.ActiveCfg = Release|Any CPU
		{F4AE128F-4C3C-4BD0-A5E2-4888EC2FC777}.Release|x86.Build.0 = Release|Any CPU
		{F4AE128F-4C3C-4BD0-A5E2-4888EC2FC777}.Release|x86.Deploy.0 = Release|Any CPU
		{A79E92D8-C6F8-4A0E-9061-BD44F6ADB9F2}.Debug|Any CPU.ActiveCfg = Debug|iPhoneSimulator
		{A79E92D8-C6F8-4A0E-9061-BD44F6ADB9F2}.Debug|Any CPU.Build.0 = Debug|iPhoneSimulator
		{A79E92D8-C6F8-4A0E-9061-BD44F6ADB9F2}.Debug|Any CPU.Deploy.0 = Debug|iPhoneSimulator
		{A79E92D8-C6F8-4A0E-9061-BD44F6ADB9F2}.Debug|ARM.ActiveCfg = Debug|iPhone
		{A79E92D8-C6F8-4A0E-9061-BD44F6ADB9F2}.Debug|ARM.Build.0 = Debug|iPhone
		{A79E92D8-C6F8-4A0E-9061-BD44F6ADB9F2}.Debug|ARM.Deploy.0 = Debug|iPhone
		{A79E92D8-C6F8-4A0E-9061-BD44F6ADB9F2}.Debug|iPhone.ActiveCfg = Debug|iPhone
		{A79E92D8-C6F8-4A0E-9061-BD44F6ADB9F2}.Debug|iPhone.Build.0 = Debug|iPhone
		{A79E92D8-C6F8-4A0E-9061-BD44F6ADB9F2}.Debug|iPhone.Deploy.0 = Debug|iPhone
		{A79E92D8-C6F8-4A0E-9061-BD44F6ADB9F2}.Debug|iPhoneSimulator.ActiveCfg = Debug|iPhoneSimulator
		{A79E92D8-C6F8-4A0E-9061-BD44F6ADB9F2}.Debug|iPhoneSimulator.Build.0 = Debug|iPhoneSimulator
		{A79E92D8-C6F8-4A0E-9061-BD44F6ADB9F2}.Debug|iPhoneSimulator.Deploy.0 = Debug|iPhoneSimulator
		{A79E92D8-C6F8-4A0E-9061-BD44F6ADB9F2}.Debug|x64.ActiveCfg = Debug|iPhoneSimulator
		{A79E92D8-C6F8-4A0E-9061-BD44F6ADB9F2}.Debug|x64.Build.0 = Debug|iPhoneSimulator
		{A79E92D8-C6F8-4A0E-9061-BD44F6ADB9F2}.Debug|x64.Deploy.0 = Debug|iPhoneSimulator
		{A79E92D8-C6F8-4A0E-9061-BD44F6ADB9F2}.Debug|x86.ActiveCfg = Debug|iPhoneSimulator
		{A79E92D8-C6F8-4A0E-9061-BD44F6ADB9F2}.Debug|x86.Build.0 = Debug|iPhoneSimulator
		{A79E92D8-C6F8-4A0E-9061-BD44F6ADB9F2}.Debug|x86.Deploy.0 = Debug|iPhoneSimulator
		{A79E92D8-C6F8-4A0E-9061-BD44F6ADB9F2}.Release|Any CPU.ActiveCfg = Release|iPhoneSimulator
		{A79E92D8-C6F8-4A0E-9061-BD44F6ADB9F2}.Release|Any CPU.Build.0 = Release|iPhoneSimulator
		{A79E92D8-C6F8-4A0E-9061-BD44F6ADB9F2}.Release|Any CPU.Deploy.0 = Release|iPhoneSimulator
		{A79E92D8-C6F8-4A0E-9061-BD44F6ADB9F2}.Release|ARM.ActiveCfg = Release|iPhoneSimulator
		{A79E92D8-C6F8-4A0E-9061-BD44F6ADB9F2}.Release|ARM.Build.0 = Release|iPhoneSimulator
		{A79E92D8-C6F8-4A0E-9061-BD44F6ADB9F2}.Release|ARM.Deploy.0 = Release|iPhoneSimulator
		{A79E92D8-C6F8-4A0E-9061-BD44F6ADB9F2}.Release|iPhone.ActiveCfg = Release|iPhone
		{A79E92D8-C6F8-4A0E-9061-BD44F6ADB9F2}.Release|iPhone.Build.0 = Release|iPhone
		{A79E92D8-C6F8-4A0E-9061-BD44F6ADB9F2}.Release|iPhone.Deploy.0 = Release|iPhone
		{A79E92D8-C6F8-4A0E-9061-BD44F6ADB9F2}.Release|iPhoneSimulator.ActiveCfg = Release|iPhoneSimulator
		{A79E92D8-C6F8-4A0E-9061-BD44F6ADB9F2}.Release|iPhoneSimulator.Build.0 = Release|iPhoneSimulator
		{A79E92D8-C6F8-4A0E-9061-BD44F6ADB9F2}.Release|iPhoneSimulator.Deploy.0 = Release|iPhoneSimulator
		{A79E92D8-C6F8-4A0E-9061-BD44F6ADB9F2}.Release|x64.ActiveCfg = Release|iPhoneSimulator
		{A79E92D8-C6F8-4A0E-9061-BD44F6ADB9F2}.Release|x64.Build.0 = Release|iPhoneSimulator
		{A79E92D8-C6F8-4A0E-9061-BD44F6ADB9F2}.Release|x64.Deploy.0 = Release|iPhoneSimulator
		{A79E92D8-C6F8-4A0E-9061-BD44F6ADB9F2}.Release|x86.ActiveCfg = Release|iPhoneSimulator
		{A79E92D8-C6F8-4A0E-9061-BD44F6ADB9F2}.Release|x86.Build.0 = Release|iPhoneSimulator
		{A79E92D8-C6F8-4A0E-9061-BD44F6ADB9F2}.Release|x86.Deploy.0 = Release|iPhoneSimulator
		{E1302E8B-F95D-4F90-86D4-27AA73E02FDC}.Debug|Any CPU.ActiveCfg = Debug|Any CPU
		{E1302E8B-F95D-4F90-86D4-27AA73E02FDC}.Debug|Any CPU.Build.0 = Debug|Any CPU
		{E1302E8B-F95D-4F90-86D4-27AA73E02FDC}.Debug|Any CPU.Deploy.0 = Debug|Any CPU
		{E1302E8B-F95D-4F90-86D4-27AA73E02FDC}.Debug|ARM.ActiveCfg = Debug|Any CPU
		{E1302E8B-F95D-4F90-86D4-27AA73E02FDC}.Debug|ARM.Build.0 = Debug|Any CPU
		{E1302E8B-F95D-4F90-86D4-27AA73E02FDC}.Debug|ARM.Deploy.0 = Debug|Any CPU
		{E1302E8B-F95D-4F90-86D4-27AA73E02FDC}.Debug|iPhone.ActiveCfg = Debug|Any CPU
		{E1302E8B-F95D-4F90-86D4-27AA73E02FDC}.Debug|iPhone.Build.0 = Debug|Any CPU
		{E1302E8B-F95D-4F90-86D4-27AA73E02FDC}.Debug|iPhone.Deploy.0 = Debug|Any CPU
		{E1302E8B-F95D-4F90-86D4-27AA73E02FDC}.Debug|iPhoneSimulator.ActiveCfg = Debug|Any CPU
		{E1302E8B-F95D-4F90-86D4-27AA73E02FDC}.Debug|iPhoneSimulator.Build.0 = Debug|Any CPU
		{E1302E8B-F95D-4F90-86D4-27AA73E02FDC}.Debug|iPhoneSimulator.Deploy.0 = Debug|Any CPU
		{E1302E8B-F95D-4F90-86D4-27AA73E02FDC}.Debug|x64.ActiveCfg = Debug|Any CPU
		{E1302E8B-F95D-4F90-86D4-27AA73E02FDC}.Debug|x64.Build.0 = Debug|Any CPU
		{E1302E8B-F95D-4F90-86D4-27AA73E02FDC}.Debug|x64.Deploy.0 = Debug|Any CPU
		{E1302E8B-F95D-4F90-86D4-27AA73E02FDC}.Debug|x86.ActiveCfg = Debug|Any CPU
		{E1302E8B-F95D-4F90-86D4-27AA73E02FDC}.Debug|x86.Build.0 = Debug|Any CPU
		{E1302E8B-F95D-4F90-86D4-27AA73E02FDC}.Debug|x86.Deploy.0 = Debug|Any CPU
		{E1302E8B-F95D-4F90-86D4-27AA73E02FDC}.Release|Any CPU.ActiveCfg = Release|Any CPU
		{E1302E8B-F95D-4F90-86D4-27AA73E02FDC}.Release|Any CPU.Build.0 = Release|Any CPU
		{E1302E8B-F95D-4F90-86D4-27AA73E02FDC}.Release|Any CPU.Deploy.0 = Release|Any CPU
		{E1302E8B-F95D-4F90-86D4-27AA73E02FDC}.Release|ARM.ActiveCfg = Release|Any CPU
		{E1302E8B-F95D-4F90-86D4-27AA73E02FDC}.Release|ARM.Build.0 = Release|Any CPU
		{E1302E8B-F95D-4F90-86D4-27AA73E02FDC}.Release|ARM.Deploy.0 = Release|Any CPU
		{E1302E8B-F95D-4F90-86D4-27AA73E02FDC}.Release|iPhone.ActiveCfg = Release|Any CPU
		{E1302E8B-F95D-4F90-86D4-27AA73E02FDC}.Release|iPhone.Build.0 = Release|Any CPU
		{E1302E8B-F95D-4F90-86D4-27AA73E02FDC}.Release|iPhone.Deploy.0 = Release|Any CPU
		{E1302E8B-F95D-4F90-86D4-27AA73E02FDC}.Release|iPhoneSimulator.ActiveCfg = Release|Any CPU
		{E1302E8B-F95D-4F90-86D4-27AA73E02FDC}.Release|iPhoneSimulator.Build.0 = Release|Any CPU
		{E1302E8B-F95D-4F90-86D4-27AA73E02FDC}.Release|iPhoneSimulator.Deploy.0 = Release|Any CPU
		{E1302E8B-F95D-4F90-86D4-27AA73E02FDC}.Release|x64.ActiveCfg = Release|Any CPU
		{E1302E8B-F95D-4F90-86D4-27AA73E02FDC}.Release|x64.Build.0 = Release|Any CPU
		{E1302E8B-F95D-4F90-86D4-27AA73E02FDC}.Release|x64.Deploy.0 = Release|Any CPU
		{E1302E8B-F95D-4F90-86D4-27AA73E02FDC}.Release|x86.ActiveCfg = Release|Any CPU
		{E1302E8B-F95D-4F90-86D4-27AA73E02FDC}.Release|x86.Build.0 = Release|Any CPU
		{E1302E8B-F95D-4F90-86D4-27AA73E02FDC}.Release|x86.Deploy.0 = Release|Any CPU
	EndGlobalSection
	GlobalSection(SolutionProperties) = preSolution
		HideSolutionNode = FALSE
	EndGlobalSection
	GlobalSection(ExtensibilityGlobals) = postSolution
		SolutionGuid = {C6F4FDB3-1C1A-470C-85F5-3FBC1E00E629}
	EndGlobalSection
EndGlobal
